
Microsoft Visual Studio Solution File, Format Version 12.00
# Visual Studio Version 17
VisualStudioVersion = 17.6.33815.320
MinimumVisualStudioVersion = 10.0.40219.1
Project("{9A19103F-16F7-4668-BE54-9A1E7A4F7556}") = "Revoei.API", "Revoei.API\Revoei.API.csproj", "{FEB59188-F979-41DA-99BF-E06685EB1DCD}"
EndProject
Project("{FAE04EC0-301F-11D3-BF4B-00C04F79EFBC}") = "Revoei.Application", "Revoei.Application\Revoei.Application.csproj", "{0D7B1919-427D-45D4-85EE-F369417576A3}"
EndProject
Project("{FAE04EC0-301F-11D3-BF4B-00C04F79EFBC}") = "Revoei.Data", "Revoei.Data\Revoei.Data.csproj", "{FB10027E-EEC9-4E43-BA2C-768ECA90220D}"
EndProject
Project("{FAE04EC0-301F-11D3-BF4B-00C04F79EFBC}") = "Revoei.Domain", "Revoei.Domain\Revoei.Domain.csproj", "{93300468-4B59-4C9A-9849-04395F45F419}"
EndProject
Project("{FAE04EC0-301F-11D3-BF4B-00C04F79EFBC}") = "Revoei.Infrastructure", "Revoei.Infrastructure\Revoei.Infrastructure.csproj", "{128C93F5-EF1D-44A0-8FA5-E34F1FEB0612}"
EndProject
Global
	GlobalSection(SolutionConfigurationPlatforms) = preSolution
		Debug|Any CPU = Debug|Any CPU
		Release|Any CPU = Release|Any CPU
	EndGlobalSection
	GlobalSection(ProjectConfigurationPlatforms) = postSolution
		{FEB59188-F979-41DA-99BF-E06685EB1DCD}.Debug|Any CPU.ActiveCfg = Debug|Any CPU
		{FEB59188-F979-41DA-99BF-E06685EB1DCD}.Debug|Any CPU.Build.0 = Debug|Any CPU
		{FEB59188-F979-41DA-99BF-E06685EB1DCD}.Release|Any CPU.ActiveCfg = Release|Any CPU
		{FEB59188-F979-41DA-99BF-E06685EB1DCD}.Release|Any CPU.Build.0 = Release|Any CPU
		{0D7B1919-427D-45D4-85EE-F369417576A3}.Debug|Any CPU.ActiveCfg = Debug|Any CPU
		{0D7B1919-427D-45D4-85EE-F369417576A3}.Debug|Any CPU.Build.0 = Debug|Any CPU
		{0D7B1919-427D-45D4-85EE-F369417576A3}.Release|Any CPU.ActiveCfg = Release|Any CPU
		{0D7B1919-427D-45D4-85EE-F369417576A3}.Release|Any CPU.Build.0 = Release|Any CPU
		{FB10027E-EEC9-4E43-BA2C-768ECA90220D}.Debug|Any CPU.ActiveCfg = Debug|Any CPU
		{FB10027E-EEC9-4E43-BA2C-768ECA90220D}.Debug|Any CPU.Build.0 = Debug|Any CPU
		{FB10027E-EEC9-4E43-BA2C-768ECA90220D}.Release|Any CPU.ActiveCfg = Release|Any CPU
		{FB10027E-EEC9-4E43-BA2C-768ECA90220D}.Release|Any CPU.Build.0 = Release|Any CPU
		{93300468-4B59-4C9A-9849-04395F45F419}.Debug|Any CPU.ActiveCfg = Debug|Any CPU
		{93300468-4B59-4C9A-9849-04395F45F419}.Debug|Any CPU.Build.0 = Debug|Any CPU
		{93300468-4B59-4C9A-9849-04395F45F419}.Release|Any CPU.ActiveCfg = Release|Any CPU
		{93300468-4B59-4C9A-9849-04395F45F419}.Release|Any CPU.Build.0 = Release|Any CPU
		{128C93F5-EF1D-44A0-8FA5-E34F1FEB0612}.Debug|Any CPU.ActiveCfg = Debug|Any CPU
		{128C93F5-EF1D-44A0-8FA5-E34F1FEB0612}.Debug|Any CPU.Build.0 = Debug|Any CPU
		{128C93F5-EF1D-44A0-8FA5-E34F1FEB0612}.Release|Any CPU.ActiveCfg = Release|Any CPU
		{128C93F5-EF1D-44A0-8FA5-E34F1FEB0612}.Release|Any CPU.Build.0 = Release|Any CPU
	EndGlobalSection
	GlobalSection(SolutionProperties) = preSolution
		HideSolutionNode = FALSE
	EndGlobalSection
	GlobalSection(ExtensibilityGlobals) = postSolution
		SolutionGuid = {0FBDFAE3-9261-4E35-97EC-2D6E9B87F5F6}
	EndGlobalSection
EndGlobal
